// !$*UTF8*$!
{
	archiveVersion = 1;
	classes = {
	};
	objectVersion = 55;
	objects = {

/* Begin PBXBuildFile section */
		3A8FD3F328353C4F00F50E09 /* AppDelegate.swift in Sources */ = {isa = PBXBuildFile; fileRef = 3A8FD3F228353C4F00F50E09 /* AppDelegate.swift */; };
		3A8FD3F528353C4F00F50E09 /* SceneDelegate.swift in Sources */ = {isa = PBXBuildFile; fileRef = 3A8FD3F428353C4F00F50E09 /* SceneDelegate.swift */; };
		3A8FD3F728353C4F00F50E09 /* ViewController.swift in Sources */ = {isa = PBXBuildFile; fileRef = 3A8FD3F628353C4F00F50E09 /* ViewController.swift */; };
		3A8FD3FA28353C4F00F50E09 /* Main.storyboard in Resources */ = {isa = PBXBuildFile; fileRef = 3A8FD3F828353C4F00F50E09 /* Main.storyboard */; };
		3A8FD3FC28353C5000F50E09 /* Assets.xcassets in Resources */ = {isa = PBXBuildFile; fileRef = 3A8FD3FB28353C5000F50E09 /* Assets.xcassets */; };
		3A8FD3FF28353C5000F50E09 /* LaunchScreen.storyboard in Resources */ = {isa = PBXBuildFile; fileRef = 3A8FD3FD28353C5000F50E09 /* LaunchScreen.storyboard */; };
		3A8FD40728355F0200F50E09 /* poster1.jpg in Resources */ = {isa = PBXBuildFile; fileRef = 3A8FD40628355F0200F50E09 /* poster1.jpg */; };
		3A8FD41028355F5F00F50E09 /* poster2.jpg in Resources */ = {isa = PBXBuildFile; fileRef = 3A8FD40828355F5E00F50E09 /* poster2.jpg */; };
		3A8FD41128355F5F00F50E09 /* poster7.jpg in Resources */ = {isa = PBXBuildFile; fileRef = 3A8FD40928355F5E00F50E09 /* poster7.jpg */; };
		3A8FD41228355F5F00F50E09 /* poster4.jpg in Resources */ = {isa = PBXBuildFile; fileRef = 3A8FD40A28355F5E00F50E09 /* poster4.jpg */; };
		3A8FD41328355F5F00F50E09 /* poster3.jpg in Resources */ = {isa = PBXBuildFile; fileRef = 3A8FD40B28355F5F00F50E09 /* poster3.jpg */; };
		3A8FD41428355F5F00F50E09 /* poster5.jpg in Resources */ = {isa = PBXBuildFile; fileRef = 3A8FD40C28355F5F00F50E09 /* poster5.jpg */; };
		3A8FD41528355F5F00F50E09 /* poster8.jpg in Resources */ = {isa = PBXBuildFile; fileRef = 3A8FD40D28355F5F00F50E09 /* poster8.jpg */; };
		3A8FD41628355F5F00F50E09 /* poster6.jpg in Resources */ = {isa = PBXBuildFile; fileRef = 3A8FD40E28355F5F00F50E09 /* poster6.jpg */; };
		3A8FD41728355F5F00F50E09 /* poster9.jpg in Resources */ = {isa = PBXBuildFile; fileRef = 3A8FD40F28355F5F00F50E09 /* poster9.jpg */; };
		3A8FD41C2835C50800F50E09 /* ViewControllerCVC.swift in Sources */ = {isa = PBXBuildFile; fileRef = 3A8FD41B2835C50800F50E09 /* ViewControllerCVC.swift */; };
		3A8FD41E2835C5BF00F50E09 /* Model_Data.swift in Sources */ = {isa = PBXBuildFile; fileRef = 3A8FD41D2835C5BF00F50E09 /* Model_Data.swift */; };
		3A8FD4232835C85200F50E09 /* CONTENTLISTINGPAGE-PAGE1.json in Resources */ = {isa = PBXBuildFile; fileRef = 3A8FD4202835C85200F50E09 /* CONTENTLISTINGPAGE-PAGE1.json */; };
		3A8FD4242835C85200F50E09 /* CONTENTLISTINGPAGE-PAGE3.json in Resources */ = {isa = PBXBuildFile; fileRef = 3A8FD4212835C85200F50E09 /* CONTENTLISTINGPAGE-PAGE3.json */; };
		3A8FD4252835C85200F50E09 /* CONTENTLISTINGPAGE-PAGE2.json in Resources */ = {isa = PBXBuildFile; fileRef = 3A8FD4222835C85200F50E09 /* CONTENTLISTINGPAGE-PAGE2.json */; };
		3A8FD4272835CA4300F50E09 /* ViewModel.swift in Sources */ = {isa = PBXBuildFile; fileRef = 3A8FD4262835CA4300F50E09 /* ViewModel.swift */; };
		3A8FD4292835CF6900F50E09 /* posterthatismissing.jpg in Resources */ = {isa = PBXBuildFile; fileRef = 3A8FD4282835CF6900F50E09 /* posterthatismissing.jpg */; };
		3A8FD4322835D9B900F50E09 /* GoogleService-Info.plist in Resources */ = {isa = PBXBuildFile; fileRef = 3A8FD4312835D9B900F50E09 /* GoogleService-Info.plist */; };
		9393B3583DD01ABE8AC6D112 /* Pods_DIAGNALTEST.framework in Frameworks */ = {isa = PBXBuildFile; fileRef = 0191F60C275797E11501E2ED /* Pods_DIAGNALTEST.framework */; };
/* End PBXBuildFile section */

/* Begin PBXFileReference section */
		0191F60C275797E11501E2ED /* Pods_DIAGNALTEST.framework */ = {isa = PBXFileReference; explicitFileType = wrapper.framework; includeInIndex = 0; path = Pods_DIAGNALTEST.framework; sourceTree = BUILT_PRODUCTS_DIR; };
		3A8FD3EF28353C4F00F50E09 /* DIAGNALTEST.app */ = {isa = PBXFileReference; explicitFileType = wrapper.application; includeInIndex = 0; path = DIAGNALTEST.app; sourceTree = BUILT_PRODUCTS_DIR; };
		3A8FD3F228353C4F00F50E09 /* AppDelegate.swift */ = {isa = PBXFileReference; lastKnownFileType = sourcecode.swift; path = AppDelegate.swift; sourceTree = "<group>"; };
		3A8FD3F428353C4F00F50E09 /* SceneDelegate.swift */ = {isa = PBXFileReference; lastKnownFileType = sourcecode.swift; path = SceneDelegate.swift; sourceTree = "<group>"; };
		3A8FD3F628353C4F00F50E09 /* ViewController.swift */ = {isa = PBXFileReference; lastKnownFileType = sourcecode.swift; path = ViewController.swift; sourceTree = "<group>"; };
		3A8FD3F928353C4F00F50E09 /* Base */ = {isa = PBXFileReference; lastKnownFileType = file.storyboard; name = Base; path = Base.lproj/Main.storyboard; sourceTree = "<group>"; };
		3A8FD3FB28353C5000F50E09 /* Assets.xcassets */ = {isa = PBXFileReference; lastKnownFileType = folder.assetcatalog; path = Assets.xcassets; sourceTree = "<group>"; };
		3A8FD3FE28353C5000F50E09 /* Base */ = {isa = PBXFileReference; lastKnownFileType = file.storyboard; name = Base; path = Base.lproj/LaunchScreen.storyboard; sourceTree = "<group>"; };
		3A8FD40028353C5000F50E09 /* Info.plist */ = {isa = PBXFileReference; lastKnownFileType = text.plist.xml; path = Info.plist; sourceTree = "<group>"; };
		3A8FD40628355F0200F50E09 /* poster1.jpg */ = {isa = PBXFileReference; lastKnownFileType = image.jpeg; path = poster1.jpg; sourceTree = "<group>"; };
		3A8FD40828355F5E00F50E09 /* poster2.jpg */ = {isa = PBXFileReference; lastKnownFileType = image.jpeg; path = poster2.jpg; sourceTree = "<group>"; };
		3A8FD40928355F5E00F50E09 /* poster7.jpg */ = {isa = PBXFileReference; lastKnownFileType = image.jpeg; path = poster7.jpg; sourceTree = "<group>"; };
		3A8FD40A28355F5E00F50E09 /* poster4.jpg */ = {isa = PBXFileReference; lastKnownFileType = image.jpeg; path = poster4.jpg; sourceTree = "<group>"; };
		3A8FD40B28355F5F00F50E09 /* poster3.jpg */ = {isa = PBXFileReference; lastKnownFileType = image.jpeg; path = poster3.jpg; sourceTree = "<group>"; };
		3A8FD40C28355F5F00F50E09 /* poster5.jpg */ = {isa = PBXFileReference; lastKnownFileType = image.jpeg; path = poster5.jpg; sourceTree = "<group>"; };
		3A8FD40D28355F5F00F50E09 /* poster8.jpg */ = {isa = PBXFileReference; lastKnownFileType = image.jpeg; path = poster8.jpg; sourceTree = "<group>"; };
		3A8FD40E28355F5F00F50E09 /* poster6.jpg */ = {isa = PBXFileReference; lastKnownFileType = image.jpeg; path = poster6.jpg; sourceTree = "<group>"; };
		3A8FD40F28355F5F00F50E09 /* poster9.jpg */ = {isa = PBXFileReference; lastKnownFileType = image.jpeg; path = poster9.jpg; sourceTree = "<group>"; };
		3A8FD419283570A700F50E09 /* TitilliumWeb-Regular.ttf */ = {isa = PBXFileReference; lastKnownFileType = file; path = "TitilliumWeb-Regular.ttf"; sourceTree = "<group>"; };
		3A8FD41A283570B700F50E09 /* TitilliumWeb-Light.ttf */ = {isa = PBXFileReference; lastKnownFileType = file; path = "TitilliumWeb-Light.ttf"; sourceTree = "<group>"; };
		3A8FD41B2835C50800F50E09 /* ViewControllerCVC.swift */ = {isa = PBXFileReference; lastKnownFileType = sourcecode.swift; path = ViewControllerCVC.swift; sourceTree = "<group>"; };
		3A8FD41D2835C5BF00F50E09 /* Model_Data.swift */ = {isa = PBXFileReference; lastKnownFileType = sourcecode.swift; path = Model_Data.swift; sourceTree = "<group>"; };
		3A8FD4202835C85200F50E09 /* CONTENTLISTINGPAGE-PAGE1.json */ = {isa = PBXFileReference; fileEncoding = 4; lastKnownFileType = text.json; path = "CONTENTLISTINGPAGE-PAGE1.json"; sourceTree = "<group>"; };
		3A8FD4212835C85200F50E09 /* CONTENTLISTINGPAGE-PAGE3.json */ = {isa = PBXFileReference; fileEncoding = 4; lastKnownFileType = text.json; path = "CONTENTLISTINGPAGE-PAGE3.json"; sourceTree = "<group>"; };
		3A8FD4222835C85200F50E09 /* CONTENTLISTINGPAGE-PAGE2.json */ = {isa = PBXFileReference; fileEncoding = 4; lastKnownFileType = text.json; path = "CONTENTLISTINGPAGE-PAGE2.json"; sourceTree = "<group>"; };
		3A8FD4262835CA4300F50E09 /* ViewModel.swift */ = {isa = PBXFileReference; lastKnownFileType = sourcecode.swift; path = ViewModel.swift; sourceTree = "<group>"; };
		3A8FD4282835CF6900F50E09 /* posterthatismissing.jpg */ = {isa = PBXFileReference; lastKnownFileType = image.jpeg; path = posterthatismissing.jpg; sourceTree = "<group>"; };
		3A8FD4302835D7BA00F50E09 /* ReadMe.md */ = {isa = PBXFileReference; lastKnownFileType = net.daringfireball.markdown; path = ReadMe.md; sourceTree = "<group>"; };
		3A8FD4312835D9B900F50E09 /* GoogleService-Info.plist */ = {isa = PBXFileReference; fileEncoding = 4; lastKnownFileType = text.plist.xml; path = "GoogleService-Info.plist"; sourceTree = "<group>"; };
		7962D4595674B9EAD58A747F /* Pods-DIAGNALTEST.debug.xcconfig */ = {isa = PBXFileReference; includeInIndex = 1; lastKnownFileType = text.xcconfig; name = "Pods-DIAGNALTEST.debug.xcconfig"; path = "Target Support Files/Pods-DIAGNALTEST/Pods-DIAGNALTEST.debug.xcconfig"; sourceTree = "<group>"; };
		BE397855A617A70D9E3412FF /* Pods-DIAGNALTEST.release.xcconfig */ = {isa = PBXFileReference; includeInIndex = 1; lastKnownFileType = text.xcconfig; name = "Pods-DIAGNALTEST.release.xcconfig"; path = "Target Support Files/Pods-DIAGNALTEST/Pods-DIAGNALTEST.release.xcconfig"; sourceTree = "<group>"; };
/* End PBXFileReference section */

/* Begin PBXFrameworksBuildPhase section */
		3A8FD3EC28353C4F00F50E09 /* Frameworks */ = {
			isa = PBXFrameworksBuildPhase;
			buildActionMask = 2147483647;
			files = (
				9393B3583DD01ABE8AC6D112 /* Pods_DIAGNALTEST.framework in Frameworks */,
			);
			runOnlyForDeploymentPostprocessing = 0;
		};
/* End PBXFrameworksBuildPhase section */

/* Begin PBXGroup section */
		3A8FD3E628353C4F00F50E09 = {
			isa = PBXGroup;
			children = (
				3A8FD4302835D7BA00F50E09 /* ReadMe.md */,
				3A8FD3F128353C4F00F50E09 /* DIAGNALTEST */,
				3A8FD3F028353C4F00F50E09 /* Products */,
				C17E449AFD2C9E6EE346F9CF /* Pods */,
				D82FB06BB0653C87FC551FE3 /* Frameworks */,
			);
			sourceTree = "<group>";
		};
		3A8FD3F028353C4F00F50E09 /* Products */ = {
			isa = PBXGroup;
			children = (
				3A8FD3EF28353C4F00F50E09 /* DIAGNALTEST.app */,
			);
			name = Products;
			sourceTree = "<group>";
		};
		3A8FD3F128353C4F00F50E09 /* DIAGNALTEST */ = {
			isa = PBXGroup;
			children = (
				3A8FD42E2835D46D00F50E09 /* Model */,
				3A8FD42D2835D45F00F50E09 /* ViewModel */,
				3A8FD42C2835D45700F50E09 /* View */,
				3A8FD42B2835D43B00F50E09 /* data */,
				3A8FD4182835708300F50E09 /* font */,
				3A8FD42A2835D40A00F50E09 /* images */,
				3A8FD3F228353C4F00F50E09 /* AppDelegate.swift */,
				3A8FD3F428353C4F00F50E09 /* SceneDelegate.swift */,
				3A8FD3F828353C4F00F50E09 /* Main.storyboard */,
				3A8FD3FB28353C5000F50E09 /* Assets.xcassets */,
				3A8FD3FD28353C5000F50E09 /* LaunchScreen.storyboard */,
				3A8FD40028353C5000F50E09 /* Info.plist */,
				3A8FD4312835D9B900F50E09 /* GoogleService-Info.plist */,
			);
			path = DIAGNALTEST;
			sourceTree = "<group>";
		};
		3A8FD4182835708300F50E09 /* font */ = {
			isa = PBXGroup;
			children = (
				3A8FD419283570A700F50E09 /* TitilliumWeb-Regular.ttf */,
				3A8FD41A283570B700F50E09 /* TitilliumWeb-Light.ttf */,
			);
			path = font;
			sourceTree = "<group>";
		};
		3A8FD42A2835D40A00F50E09 /* images */ = {
			isa = PBXGroup;
			children = (
				3A8FD40628355F0200F50E09 /* poster1.jpg */,
				3A8FD40828355F5E00F50E09 /* poster2.jpg */,
				3A8FD40B28355F5F00F50E09 /* poster3.jpg */,
				3A8FD40A28355F5E00F50E09 /* poster4.jpg */,
				3A8FD40C28355F5F00F50E09 /* poster5.jpg */,
				3A8FD40E28355F5F00F50E09 /* poster6.jpg */,
				3A8FD40928355F5E00F50E09 /* poster7.jpg */,
				3A8FD40D28355F5F00F50E09 /* poster8.jpg */,
				3A8FD40F28355F5F00F50E09 /* poster9.jpg */,
				3A8FD4282835CF6900F50E09 /* posterthatismissing.jpg */,
			);
			path = images;
			sourceTree = "<group>";
		};
		3A8FD42B2835D43B00F50E09 /* data */ = {
			isa = PBXGroup;
			children = (
				3A8FD4202835C85200F50E09 /* CONTENTLISTINGPAGE-PAGE1.json */,
				3A8FD4222835C85200F50E09 /* CONTENTLISTINGPAGE-PAGE2.json */,
				3A8FD4212835C85200F50E09 /* CONTENTLISTINGPAGE-PAGE3.json */,
			);
			path = data;
			sourceTree = "<group>";
		};
		3A8FD42C2835D45700F50E09 /* View */ = {
			isa = PBXGroup;
			children = (
				3A8FD3F628353C4F00F50E09 /* ViewController.swift */,
				3A8FD41B2835C50800F50E09 /* ViewControllerCVC.swift */,
			);
			path = View;
			sourceTree = "<group>";
		};
		3A8FD42D2835D45F00F50E09 /* ViewModel */ = {
			isa = PBXGroup;
			children = (
				3A8FD4262835CA4300F50E09 /* ViewModel.swift */,
			);
			path = ViewModel;
			sourceTree = "<group>";
		};
		3A8FD42E2835D46D00F50E09 /* Model */ = {
			isa = PBXGroup;
			children = (
				3A8FD41D2835C5BF00F50E09 /* Model_Data.swift */,
			);
			path = Model;
			sourceTree = "<group>";
		};
		C17E449AFD2C9E6EE346F9CF /* Pods */ = {
			isa = PBXGroup;
			children = (
				7962D4595674B9EAD58A747F /* Pods-DIAGNALTEST.debug.xcconfig */,
				BE397855A617A70D9E3412FF /* Pods-DIAGNALTEST.release.xcconfig */,
			);
			path = Pods;
			sourceTree = "<group>";
		};
		D82FB06BB0653C87FC551FE3 /* Frameworks */ = {
			isa = PBXGroup;
			children = (
				0191F60C275797E11501E2ED /* Pods_DIAGNALTEST.framework */,
			);
			name = Frameworks;
			sourceTree = "<group>";
		};
/* End PBXGroup section */

/* Begin PBXNativeTarget section */
		3A8FD3EE28353C4F00F50E09 /* DIAGNALTEST */ = {
			isa = PBXNativeTarget;
			buildConfigurationList = 3A8FD40328353C5000F50E09 /* Build configuration list for PBXNativeTarget "DIAGNALTEST" */;
			buildPhases = (
				73209420C792E23EF0E8DEE8 /* [CP] Check Pods Manifest.lock */,
				3A8FD3EB28353C4F00F50E09 /* Sources */,
				3A8FD3EC28353C4F00F50E09 /* Frameworks */,
				3A8FD3ED28353C4F00F50E09 /* Resources */,
				AF7C5D4E130715C6F4CB44C1 /* [CP] Embed Pods Frameworks */,
				3A8FD42F2835D78100F50E09 /* ShellScript */,
			);
			buildRules = (
			);
			dependencies = (
			);
			name = DIAGNALTEST;
			productName = DIAGNALTEST;
			productReference = 3A8FD3EF28353C4F00F50E09 /* DIAGNALTEST.app */;
			productType = "com.apple.product-type.application";
		};
/* End PBXNativeTarget section */

/* Begin PBXProject section */
		3A8FD3E728353C4F00F50E09 /* Project object */ = {
			isa = PBXProject;
			attributes = {
				BuildIndependentTargetsInParallel = 1;
				LastSwiftUpdateCheck = 1320;
				LastUpgradeCheck = 1320;
				TargetAttributes = {
					3A8FD3EE28353C4F00F50E09 = {
						CreatedOnToolsVersion = 13.2.1;
					};
				};
			};
			buildConfigurationList = 3A8FD3EA28353C4F00F50E09 /* Build configuration list for PBXProject "DIAGNALTEST" */;
			compatibilityVersion = "Xcode 13.0";
			developmentRegion = en;
			hasScannedForEncodings = 0;
			knownRegions = (
				en,
				Base,
			);
			mainGroup = 3A8FD3E628353C4F00F50E09;
			productRefGroup = 3A8FD3F028353C4F00F50E09 /* Products */;
			projectDirPath = "";
			projectRoot = "";
			targets = (
				3A8FD3EE28353C4F00F50E09 /* DIAGNALTEST */,
			);
		};
/* End PBXProject section */

/* Begin PBXResourcesBuildPhase section */
		3A8FD3ED28353C4F00F50E09 /* Resources */ = {
			isa = PBXResourcesBuildPhase;
			buildActionMask = 2147483647;
			files = (
				3A8FD4232835C85200F50E09 /* CONTENTLISTINGPAGE-PAGE1.json in Resources */,
				3A8FD41228355F5F00F50E09 /* poster4.jpg in Resources */,
				3A8FD41028355F5F00F50E09 /* poster2.jpg in Resources */,
				3A8FD41328355F5F00F50E09 /* poster3.jpg in Resources */,
				3A8FD40728355F0200F50E09 /* poster1.jpg in Resources */,
				3A8FD41128355F5F00F50E09 /* poster7.jpg in Resources */,
				3A8FD41428355F5F00F50E09 /* poster5.jpg in Resources */,
				3A8FD3FF28353C5000F50E09 /* LaunchScreen.storyboard in Resources */,
				3A8FD4242835C85200F50E09 /* CONTENTLISTINGPAGE-PAGE3.json in Resources */,
				3A8FD3FC28353C5000F50E09 /* Assets.xcassets in Resources */,
				3A8FD4292835CF6900F50E09 /* posterthatismissing.jpg in Resources */,
				3A8FD41728355F5F00F50E09 /* poster9.jpg in Resources */,
				3A8FD4322835D9B900F50E09 /* GoogleService-Info.plist in Resources */,
				3A8FD3FA28353C4F00F50E09 /* Main.storyboard in Resources */,
				3A8FD4252835C85200F50E09 /* CONTENTLISTINGPAGE-PAGE2.json in Resources */,
				3A8FD41528355F5F00F50E09 /* poster8.jpg in Resources */,
				3A8FD41628355F5F00F50E09 /* poster6.jpg in Resources */,
			);
			runOnlyForDeploymentPostprocessing = 0;
		};
/* End PBXResourcesBuildPhase section */

/* Begin PBXShellScriptBuildPhase section */
		3A8FD42F2835D78100F50E09 /* ShellScript */ = {
			isa = PBXShellScriptBuildPhase;
			buildActionMask = 2147483647;
			files = (
			);
			inputFileListPaths = (
			);
			inputPaths = (
			);
			outputFileListPaths = (
			);
			outputPaths = (
			);
			runOnlyForDeploymentPostprocessing = 0;
			shellPath = /bin/sh;
			shellScript = "\"${PODS_ROOT}/FirebaseCrashlytics/run\"\n\n";
		};
		73209420C792E23EF0E8DEE8 /* [CP] Check Pods Manifest.lock */ = {
			isa = PBXShellScriptBuildPhase;
			buildActionMask = 2147483647;
			files = (
			);
			inputFileListPaths = (
			);
			inputPaths = (
				"${PODS_PODFILE_DIR_PATH}/Podfile.lock",
				"${PODS_ROOT}/Manifest.lock",
			);
			name = "[CP] Check Pods Manifest.lock";
			outputFileListPaths = (
			);
			outputPaths = (
				"$(DERIVED_FILE_DIR)/Pods-DIAGNALTEST-checkManifestLockResult.txt",
			);
			runOnlyForDeploymentPostprocessing = 0;
			shellPath = /bin/sh;
			shellScript = "diff \"${PODS_PODFILE_DIR_PATH}/Podfile.lock\" \"${PODS_ROOT}/Manifest.lock\" > /dev/null\nif [ $? != 0 ] ; then\n    # print error to STDERR\n    echo \"error: The sandbox is not in sync with the Podfile.lock. Run 'pod install' or update your CocoaPods installation.\" >&2\n    exit 1\nfi\n# This output is used by Xcode 'outputs' to avoid re-running this script phase.\necho \"SUCCESS\" > \"${SCRIPT_OUTPUT_FILE_0}\"\n";
			showEnvVarsInLog = 0;
		};
		AF7C5D4E130715C6F4CB44C1 /* [CP] Embed Pods Frameworks */ = {
			isa = PBXShellScriptBuildPhase;
			buildActionMask = 2147483647;
			files = (
			);
			inputFileListPaths = (
				"${PODS_ROOT}/Target Support Files/Pods-DIAGNALTEST/Pods-DIAGNALTEST-frameworks-${CONFIGURATION}-input-files.xcfilelist",
			);
			name = "[CP] Embed Pods Frameworks";
			outputFileListPaths = (
				"${PODS_ROOT}/Target Support Files/Pods-DIAGNALTEST/Pods-DIAGNALTEST-frameworks-${CONFIGURATION}-output-files.xcfilelist",
			);
			runOnlyForDeploymentPostprocessing = 0;
			shellPath = /bin/sh;
			shellScript = "\"${PODS_ROOT}/Target Support Files/Pods-DIAGNALTEST/Pods-DIAGNALTEST-frameworks.sh\"\n";
			showEnvVarsInLog = 0;
		};
/* End PBXShellScriptBuildPhase section */

/* Begin PBXSourcesBuildPhase section */
		3A8FD3EB28353C4F00F50E09 /* Sources */ = {
			isa = PBXSourcesBuildPhase;
			buildActionMask = 2147483647;
			files = (
				3A8FD3F728353C4F00F50E09 /* ViewController.swift in Sources */,
				3A8FD41E2835C5BF00F50E09 /* Model_Data.swift in Sources */,
				3A8FD41C2835C50800F50E09 /* ViewControllerCVC.swift in Sources */,
				3A8FD3F328353C4F00F50E09 /* AppDelegate.swift in Sources */,
				3A8FD4272835CA4300F50E09 /* ViewModel.swift in Sources */,
				3A8FD3F528353C4F00F50E09 /* SceneDelegate.swift in Sources */,
			);
			runOnlyForDeploymentPostprocessing = 0;
		};
/* End PBXSourcesBuildPhase section */

/* Begin PBXVariantGroup section */
		3A8FD3F828353C4F00F50E09 /* Main.storyboard */ = {
			isa = PBXVariantGroup;
			children = (
				3A8FD3F928353C4F00F50E09 /* Base */,
			);
			name = Main.storyboard;
			sourceTree = "<group>";
		};
		3A8FD3FD28353C5000F50E09 /* LaunchScreen.storyboard */ = {
			isa = PBXVariantGroup;
			children = (
				3A8FD3FE28353C5000F50E09 /* Base */,
			);
			name = LaunchScreen.storyboard;
			sourceTree = "<group>";
		};
/* End PBXVariantGroup section */

/* Begin XCBuildConfiguration section */
		3A8FD40128353C5000F50E09 /* Debug */ = {
			isa = XCBuildConfiguration;
			buildSettings = {
				ALWAYS_SEARCH_USER_PATHS = NO;
				CLANG_ANALYZER_NONNULL = YES;
				CLANG_ANALYZER_NUMBER_OBJECT_CONVERSION = YES_AGGRESSIVE;
				CLANG_CXX_LANGUAGE_STANDARD = "gnu++17";
				CLANG_CXX_LIBRARY = "libc++";
				CLANG_ENABLE_MODULES = YES;
				CLANG_ENABLE_OBJC_ARC = YES;
				CLANG_ENABLE_OBJC_WEAK = YES;
				CLANG_WARN_BLOCK_CAPTURE_AUTORELEASING = YES;
				CLANG_WARN_BOOL_CONVERSION = YES;
				CLANG_WARN_COMMA = YES;
				CLANG_WARN_CONSTANT_CONVERSION = YES;
				CLANG_WARN_DEPRECATED_OBJC_IMPLEMENTATIONS = YES;
				CLANG_WARN_DIRECT_OBJC_ISA_USAGE = YES_ERROR;
				CLANG_WARN_DOCUMENTATION_COMMENTS = YES;
				CLANG_WARN_EMPTY_BODY = YES;
				CLANG_WARN_ENUM_CONVERSION = YES;
				CLANG_WARN_INFINITE_RECURSION = YES;
				CLANG_WARN_INT_CONVERSION = YES;
				CLANG_WARN_NON_LITERAL_NULL_CONVERSION = YES;
				CLANG_WARN_OBJC_IMPLICIT_RETAIN_SELF = YES;
				CLANG_WARN_OBJC_LITERAL_CONVERSION = YES;
				CLANG_WARN_OBJC_ROOT_CLASS = YES_ERROR;
				CLANG_WARN_QUOTED_INCLUDE_IN_FRAMEWORK_HEADER = YES;
				CLANG_WARN_RANGE_LOOP_ANALYSIS = YES;
				CLANG_WARN_STRICT_PROTOTYPES = YES;
				CLANG_WARN_SUSPICIOUS_MOVE = YES;
				CLANG_WARN_UNGUARDED_AVAILABILITY = YES_AGGRESSIVE;
				CLANG_WARN_UNREACHABLE_CODE = YES;
				CLANG_WARN__DUPLICATE_METHOD_MATCH = YES;
				COPY_PHASE_STRIP = NO;
				DEBUG_INFORMATION_FORMAT = dwarf;
				ENABLE_STRICT_OBJC_MSGSEND = YES;
				ENABLE_TESTABILITY = YES;
				GCC_C_LANGUAGE_STANDARD = gnu11;
				GCC_DYNAMIC_NO_PIC = NO;
				GCC_NO_COMMON_BLOCKS = YES;
				GCC_OPTIMIZATION_LEVEL = 0;
				GCC_PREPROCESSOR_DEFINITIONS = (
					"DEBUG=1",
					"$(inherited)",
				);
				GCC_WARN_64_TO_32_BIT_CONVERSION = YES;
				GCC_WARN_ABOUT_RETURN_TYPE = YES_ERROR;
				GCC_WARN_UNDECLARED_SELECTOR = YES;
				GCC_WARN_UNINITIALIZED_AUTOS = YES_AGGRESSIVE;
				GCC_WARN_UNUSED_FUNCTION = YES;
				GCC_WARN_UNUSED_VARIABLE = YES;
				IPHONEOS_DEPLOYMENT_TARGET = 15.2;
				MTL_ENABLE_DEBUG_INFO = INCLUDE_SOURCE;
				MTL_FAST_MATH = YES;
				ONLY_ACTIVE_ARCH = YES;
				SDKROOT = iphoneos;
				SWIFT_ACTIVE_COMPILATION_CONDITIONS = DEBUG;
				SWIFT_OPTIMIZATION_LEVEL = "-Onone";
			};
			name = Debug;
		};
		3A8FD40228353C5000F50E09 /* Release */ = {
			isa = XCBuildConfiguration;
			buildSettings = {
				ALWAYS_SEARCH_USER_PATHS = NO;
				CLANG_ANALYZER_NONNULL = YES;
				CLANG_ANALYZER_NUMBER_OBJECT_CONVERSION = YES_AGGRESSIVE;
				CLANG_CXX_LANGUAGE_STANDARD = "gnu++17";
				CLANG_CXX_LIBRARY = "libc++";
				CLANG_ENABLE_MODULES = YES;
				CLANG_ENABLE_OBJC_ARC = YES;
				CLANG_ENABLE_OBJC_WEAK = YES;
				CLANG_WARN_BLOCK_CAPTURE_AUTORELEASING = YES;
				CLANG_WARN_BOOL_CONVERSION = YES;
				CLANG_WARN_COMMA = YES;
				CLANG_WARN_CONSTANT_CONVERSION = YES;
				CLANG_WARN_DEPRECATED_OBJC_IMPLEMENTATIONS = YES;
				CLANG_WARN_DIRECT_OBJC_ISA_USAGE = YES_ERROR;
				CLANG_WARN_DOCUMENTATION_COMMENTS = YES;
				CLANG_WARN_EMPTY_BODY = YES;
				CLANG_WARN_ENUM_CONVERSION = YES;
				CLANG_WARN_INFINITE_RECURSION = YES;
				CLANG_WARN_INT_CONVERSION = YES;
				CLANG_WARN_NON_LITERAL_NULL_CONVERSION = YES;
				CLANG_WARN_OBJC_IMPLICIT_RETAIN_SELF = YES;
				CLANG_WARN_OBJC_LITERAL_CONVERSION = YES;
				CLANG_WARN_OBJC_ROOT_CLASS = YES_ERROR;
				CLANG_WARN_QUOTED_INCLUDE_IN_FRAMEWORK_HEADER = YES;
				CLANG_WARN_RANGE_LOOP_ANALYSIS = YES;
				CLANG_WARN_STRICT_PROTOTYPES = YES;
				CLANG_WARN_SUSPICIOUS_MOVE = YES;
				CLANG_WARN_UNGUARDED_AVAILABILITY = YES_AGGRESSIVE;
				CLANG_WARN_UNREACHABLE_CODE = YES;
				CLANG_WARN__DUPLICATE_METHOD_MATCH = YES;
				COPY_PHASE_STRIP = NO;
				DEBUG_INFORMATION_FORMAT = "dwarf-with-dsym";
				ENABLE_NS_ASSERTIONS = NO;
				ENABLE_STRICT_OBJC_MSGSEND = YES;
				GCC_C_LANGUAGE_STANDARD = gnu11;
				GCC_NO_COMMON_BLOCKS = YES;
				GCC_WARN_64_TO_32_BIT_CONVERSION = YES;
				GCC_WARN_ABOUT_RETURN_TYPE = YES_ERROR;
				GCC_WARN_UNDECLARED_SELECTOR = YES;
				GCC_WARN_UNINITIALIZED_AUTOS = YES_AGGRESSIVE;
				GCC_WARN_UNUSED_FUNCTION = YES;
				GCC_WARN_UNUSED_VARIABLE = YES;
				IPHONEOS_DEPLOYMENT_TARGET = 15.2;
				MTL_ENABLE_DEBUG_INFO = NO;
				MTL_FAST_MATH = YES;
				SDKROOT = iphoneos;
				SWIFT_COMPILATION_MODE = wholemodule;
				SWIFT_OPTIMIZATION_LEVEL = "-O";
				VALIDATE_PRODUCT = YES;
			};
			name = Release;
		};
		3A8FD40428353C5000F50E09 /* Debug */ = {
			isa = XCBuildConfiguration;
			baseConfigurationReference = 7962D4595674B9EAD58A747F /* Pods-DIAGNALTEST.debug.xcconfig */;
			buildSettings = {
				ASSETCATALOG_COMPILER_APPICON_NAME = AppIcon;
				ASSETCATALOG_COMPILER_GLOBAL_ACCENT_COLOR_NAME = AccentColor;
				CODE_SIGN_STYLE = Automatic;
				CURRENT_PROJECT_VERSION = 1;
				GENERATE_INFOPLIST_FILE = YES;
				INFOPLIST_FILE = DIAGNALTEST/Info.plist;
				INFOPLIST_KEY_UIApplicationSupportsIndirectInputEvents = YES;
				INFOPLIST_KEY_UILaunchStoryboardName = LaunchScreen;
				INFOPLIST_KEY_UIMainStoryboardFile = Main;
				INFOPLIST_KEY_UISupportedInterfaceOrientations_iPad = "UIInterfaceOrientationPortrait UIInterfaceOrientationPortraitUpsideDown UIInterfaceOrientationLandscapeLeft UIInterfaceOrientationLandscapeRight";
				INFOPLIST_KEY_UISupportedInterfaceOrientations_iPhone = "UIInterfaceOrientationPortrait UIInterfaceOrientationLandscapeLeft UIInterfaceOrientationLandscapeRight";
				IPHONEOS_DEPLOYMENT_TARGET = 14.0;
				LD_RUNPATH_SEARCH_PATHS = (
					"$(inherited)",
					"@executable_path/Frameworks",
				);
				MARKETING_VERSION = 1.0;
				PRODUCT_BUNDLE_IDENTIFIER = com.diagnal.DIAGNALTEST;
				PRODUCT_NAME = "$(TARGET_NAME)";
				SWIFT_EMIT_LOC_STRINGS = YES;
				SWIFT_VERSION = 5.0;
				TARGETED_DEVICE_FAMILY = "1,2";
			};
			name = Debug;
		};
		3A8FD40528353C5000F50E09 /* Release */ = {
			isa = XCBuildConfiguration;
			baseConfigurationReference = BE397855A617A70D9E3412FF /* Pods-DIAGNALTEST.release.xcconfig */;
			buildSettings = {
				ASSETCATALOG_COMPILER_APPICON_NAME = AppIcon;
				ASSETCATALOG_COMPILER_GLOBAL_ACCENT_COLOR_NAME = AccentColor;
				CODE_SIGN_STYLE = Automatic;
				CURRENT_PROJECT_VERSION = 1;
				GENERATE_INFOPLIST_FILE = YES;
				INFOPLIST_FILE = DIAGNALTEST/Info.plist;
				INFOPLIST_KEY_UIApplicationSupportsIndirectInputEvents = YES;
				INFOPLIST_KEY_UILaunchStoryboardName = LaunchScreen;
				INFOPLIST_KEY_UIMainStoryboardFile = Main;
				INFOPLIST_KEY_UISupportedInterfaceOrientations_iPad = "UIInterfaceOrientationPortrait UIInterfaceOrientationPortraitUpsideDown UIInterfaceOrientationLandscapeLeft UIInterfaceOrientationLandscapeRight";
				INFOPLIST_KEY_UISupportedInterfaceOrientations_iPhone = "UIInterfaceOrientationPortrait UIInterfaceOrientationLandscapeLeft UIInterfaceOrientationLandscapeRight";
				IPHONEOS_DEPLOYMENT_TARGET = 14.0;
				LD_RUNPATH_SEARCH_PATHS = (
					"$(inherited)",
					"@executable_path/Frameworks",
				);
				MARKETING_VERSION = 1.0;
				PRODUCT_BUNDLE_IDENTIFIER = com.diagnal.DIAGNALTEST;
				PRODUCT_NAME = "$(TARGET_NAME)";
				SWIFT_EMIT_LOC_STRINGS = YES;
				SWIFT_VERSION = 5.0;
				TARGETED_DEVICE_FAMILY = "1,2";
			};
			name = Release;
		};
/* End XCBuildConfiguration section */

/* Begin XCConfigurationList section */
		3A8FD3EA28353C4F00F50E09 /* Build configuration list for PBXProject "DIAGNALTEST" */ = {
			isa = XCConfigurationList;
			buildConfigurations = (
				3A8FD40128353C5000F50E09 /* Debug */,
				3A8FD40228353C5000F50E09 /* Release */,
			);
			defaultConfigurationIsVisible = 0;
			defaultConfigurationName = Release;
		};
		3A8FD40328353C5000F50E09 /* Build configuration list for PBXNativeTarget "DIAGNALTEST" */ = {
			isa = XCConfigurationList;
			buildConfigurations = (
				3A8FD40428353C5000F50E09 /* Debug */,
				3A8FD40528353C5000F50E09 /* Release */,
			);
			defaultConfigurationIsVisible = 0;
			defaultConfigurationName = Release;
		};
/* End XCConfigurationList section */
	};
	rootObject = 3A8FD3E728353C4F00F50E09 /* Project object */;
}
